
Microsoft Visual Studio Solution File, Format Version 12.00
# Visual Studio 14
VisualStudioVersion = 14.0.25420.1
MinimumVisualStudioVersion = 10.0.40219.1
Project("{FAE04EC0-301F-11D3-BF4B-00C04F79EFBC}") = "POIntillismeApp", "POIntillismeApp\POIntillismeApp.csproj", "{DDF26738-0614-4FEE-877D-918F1C114E3D}"
EndProject
Project("{FAE04EC0-301F-11D3-BF4B-00C04F79EFBC}") = "POIntillismeTestApp", "POIntillismeTestApp\POIntillismeTestApp.csproj", "{95DB6A9D-307C-4B41-9DF2-743BEF86C721}"
EndProject
Global
	GlobalSection(SolutionConfigurationPlatforms) = preSolution
		Debug|Any CPU = Debug|Any CPU
		Release|Any CPU = Release|Any CPU
	EndGlobalSection
	GlobalSection(ProjectConfigurationPlatforms) = postSolution
		{DDF26738-0614-4FEE-877D-918F1C114E3D}.Debug|Any CPU.ActiveCfg = Debug|Any CPU
		{DDF26738-0614-4FEE-877D-918F1C114E3D}.Debug|Any CPU.Build.0 = Debug|Any CPU
		{DDF26738-0614-4FEE-877D-918F1C114E3D}.Release|Any CPU.ActiveCfg = Release|Any CPU
		{DDF26738-0614-4FEE-877D-918F1C114E3D}.Release|Any CPU.Build.0 = Release|Any CPU
		{95DB6A9D-307C-4B41-9DF2-743BEF86C721}.Debug|Any CPU.ActiveCfg = Debug|Any CPU
		{95DB6A9D-307C-4B41-9DF2-743BEF86C721}.Debug|Any CPU.Build.0 = Debug|Any CPU
		{95DB6A9D-307C-4B41-9DF2-743BEF86C721}.Release|Any CPU.ActiveCfg = Release|Any CPU
		{95DB6A9D-307C-4B41-9DF2-743BEF86C721}.Release|Any CPU.Build.0 = Release|Any CPU
	EndGlobalSection
	GlobalSection(SolutionProperties) = preSolution
		HideSolutionNode = FALSE
	EndGlobalSection
EndGlobal
